
Microsoft Visual Studio Solution File, Format Version 12.00
# Visual Studio Version 17
VisualStudioVersion = 17.4.33205.214
MinimumVisualStudioVersion = 10.0.40219.1
Project("{9A19103F-16F7-4668-BE54-9A1E7A4F7556}") = "startBank", "startBank\startBank.csproj", "{10117C59-FC6A-404E-96E6-3AB44CFB5DF3}"
	ProjectSection(ProjectDependencies) = postProject
		{7E8FDAC7-9D55-4A8B-971E-429BB34B94B7} = {7E8FDAC7-9D55-4A8B-971E-429BB34B94B7}
	EndProjectSection
EndProject
Project("{9A19103F-16F7-4668-BE54-9A1E7A4F7556}") = "BankLibrary", "BankLibrary\BankLibrary.csproj", "{7E8FDAC7-9D55-4A8B-971E-429BB34B94B7}"
EndProject
Global
	GlobalSection(SolutionConfigurationPlatforms) = preSolution
		Debug|Any CPU = Debug|Any CPU
		Release|Any CPU = Release|Any CPU
	EndGlobalSection
	GlobalSection(ProjectConfigurationPlatforms) = postSolution
		{10117C59-FC6A-404E-96E6-3AB44CFB5DF3}.Debug|Any CPU.ActiveCfg = Debug|Any CPU
		{10117C59-FC6A-404E-96E6-3AB44CFB5DF3}.Debug|Any CPU.Build.0 = Debug|Any CPU
		{10117C59-FC6A-404E-96E6-3AB44CFB5DF3}.Release|Any CPU.ActiveCfg = Release|Any CPU
		{10117C59-FC6A-404E-96E6-3AB44CFB5DF3}.Release|Any CPU.Build.0 = Release|Any CPU
		{7E8FDAC7-9D55-4A8B-971E-429BB34B94B7}.Debug|Any CPU.ActiveCfg = Debug|Any CPU
		{7E8FDAC7-9D55-4A8B-971E-429BB34B94B7}.Debug|Any CPU.Build.0 = Debug|Any CPU
		{7E8FDAC7-9D55-4A8B-971E-429BB34B94B7}.Release|Any CPU.ActiveCfg = Release|Any CPU
		{7E8FDAC7-9D55-4A8B-971E-429BB34B94B7}.Release|Any CPU.Build.0 = Release|Any CPU
	EndGlobalSection
	GlobalSection(SolutionProperties) = preSolution
		HideSolutionNode = FALSE
	EndGlobalSection
	GlobalSection(ExtensibilityGlobals) = postSolution
		SolutionGuid = {E5006215-3D56-4068-8A05-218879A27B4E}
	EndGlobalSection
EndGlobal
